// !$*UTF8*$!
{
	archiveVersion = 1;
	classes = {
	};
	objectVersion = 56;
	objects = {

/* Begin PBXBuildFile section */
		CD04D4382BE03B96004E0FF2 /* RuleEnforcer.swift in Sources */ = {isa = PBXBuildFile; fileRef = CD04D4342BE03B96004E0FF2 /* RuleEnforcer.swift */; };
		CD04D4392BE03B96004E0FF2 /* Piece.swift in Sources */ = {isa = PBXBuildFile; fileRef = CD04D4352BE03B96004E0FF2 /* Piece.swift */; };
		CD04D43A2BE03B96004E0FF2 /* Board.swift in Sources */ = {isa = PBXBuildFile; fileRef = CD04D4362BE03B96004E0FF2 /* Board.swift */; };
		CD04D43B2BE03B96004E0FF2 /* State.swift in Sources */ = {isa = PBXBuildFile; fileRef = CD04D4372BE03B96004E0FF2 /* State.swift */; };
		CD7E6F272BA974C9000BAE01 /* Square.swift in Sources */ = {isa = PBXBuildFile; fileRef = CD7E6F262BA974C9000BAE01 /* Square.swift */; };
		CD7E6F2A2BA9769A000BAE01 /* Constants.swift in Sources */ = {isa = PBXBuildFile; fileRef = CD7E6F292BA9769A000BAE01 /* Constants.swift */; };
		CDDAAE0C2BA7454000831FC7 /* AppDelegate.swift in Sources */ = {isa = PBXBuildFile; fileRef = CDDAAE0B2BA7454000831FC7 /* AppDelegate.swift */; };
		CDDAAE0E2BA7454000831FC7 /* GameScene.sks in Resources */ = {isa = PBXBuildFile; fileRef = CDDAAE0D2BA7454000831FC7 /* GameScene.sks */; };
		CDDAAE102BA7454000831FC7 /* Actions.sks in Resources */ = {isa = PBXBuildFile; fileRef = CDDAAE0F2BA7454000831FC7 /* Actions.sks */; };
		CDDAAE122BA7454000831FC7 /* GameScene.swift in Sources */ = {isa = PBXBuildFile; fileRef = CDDAAE112BA7454000831FC7 /* GameScene.swift */; };
		CDDAAE142BA7454000831FC7 /* ViewController.swift in Sources */ = {isa = PBXBuildFile; fileRef = CDDAAE132BA7454000831FC7 /* ViewController.swift */; };
		CDDAAE162BA7454100831FC7 /* Assets.xcassets in Resources */ = {isa = PBXBuildFile; fileRef = CDDAAE152BA7454100831FC7 /* Assets.xcassets */; };
		CDDAAE192BA7454100831FC7 /* Base in Resources */ = {isa = PBXBuildFile; fileRef = CDDAAE182BA7454100831FC7 /* Base */; };
		CDDAAE242BA7454100831FC7 /* tesseraTests.swift in Sources */ = {isa = PBXBuildFile; fileRef = CDDAAE232BA7454100831FC7 /* tesseraTests.swift */; };
		CDDAAE2E2BA7454100831FC7 /* tesseraUITests.swift in Sources */ = {isa = PBXBuildFile; fileRef = CDDAAE2D2BA7454100831FC7 /* tesseraUITests.swift */; };
		CDDAAE302BA7454100831FC7 /* tesseraUITestsLaunchTests.swift in Sources */ = {isa = PBXBuildFile; fileRef = CDDAAE2F2BA7454100831FC7 /* tesseraUITestsLaunchTests.swift */; };
/* End PBXBuildFile section */

/* Begin PBXContainerItemProxy section */
		CDDAAE202BA7454100831FC7 /* PBXContainerItemProxy */ = {
			isa = PBXContainerItemProxy;
			containerPortal = CDDAAE002BA7454000831FC7 /* Project object */;
			proxyType = 1;
			remoteGlobalIDString = CDDAAE072BA7454000831FC7;
			remoteInfo = tessera;
		};
		CDDAAE2A2BA7454100831FC7 /* PBXContainerItemProxy */ = {
			isa = PBXContainerItemProxy;
			containerPortal = CDDAAE002BA7454000831FC7 /* Project object */;
			proxyType = 1;
			remoteGlobalIDString = CDDAAE072BA7454000831FC7;
			remoteInfo = tessera;
		};
/* End PBXContainerItemProxy section */

/* Begin PBXFileReference section */
		CD04D4342BE03B96004E0FF2 /* RuleEnforcer.swift */ = {isa = PBXFileReference; fileEncoding = 4; lastKnownFileType = sourcecode.swift; path = RuleEnforcer.swift; sourceTree = "<group>"; };
		CD04D4352BE03B96004E0FF2 /* Piece.swift */ = {isa = PBXFileReference; fileEncoding = 4; lastKnownFileType = sourcecode.swift; path = Piece.swift; sourceTree = "<group>"; };
		CD04D4362BE03B96004E0FF2 /* Board.swift */ = {isa = PBXFileReference; fileEncoding = 4; lastKnownFileType = sourcecode.swift; path = Board.swift; sourceTree = "<group>"; };
		CD04D4372BE03B96004E0FF2 /* State.swift */ = {isa = PBXFileReference; fileEncoding = 4; lastKnownFileType = sourcecode.swift; path = State.swift; sourceTree = "<group>"; };
		CD7E6F262BA974C9000BAE01 /* Square.swift */ = {isa = PBXFileReference; lastKnownFileType = sourcecode.swift; path = Square.swift; sourceTree = "<group>"; };
		CD7E6F292BA9769A000BAE01 /* Constants.swift */ = {isa = PBXFileReference; lastKnownFileType = sourcecode.swift; path = Constants.swift; sourceTree = "<group>"; };
		CDDAAE082BA7454000831FC7 /* tessera.app */ = {isa = PBXFileReference; explicitFileType = wrapper.application; includeInIndex = 0; path = tessera.app; sourceTree = BUILT_PRODUCTS_DIR; };
		CDDAAE0B2BA7454000831FC7 /* AppDelegate.swift */ = {isa = PBXFileReference; lastKnownFileType = sourcecode.swift; path = AppDelegate.swift; sourceTree = "<group>"; };
		CDDAAE0D2BA7454000831FC7 /* GameScene.sks */ = {isa = PBXFileReference; lastKnownFileType = file.sks; path = GameScene.sks; sourceTree = "<group>"; };
		CDDAAE0F2BA7454000831FC7 /* Actions.sks */ = {isa = PBXFileReference; lastKnownFileType = file.sks; path = Actions.sks; sourceTree = "<group>"; };
		CDDAAE112BA7454000831FC7 /* GameScene.swift */ = {isa = PBXFileReference; lastKnownFileType = sourcecode.swift; path = GameScene.swift; sourceTree = "<group>"; };
		CDDAAE132BA7454000831FC7 /* ViewController.swift */ = {isa = PBXFileReference; lastKnownFileType = sourcecode.swift; path = ViewController.swift; sourceTree = "<group>"; };
		CDDAAE152BA7454100831FC7 /* Assets.xcassets */ = {isa = PBXFileReference; lastKnownFileType = folder.assetcatalog; path = Assets.xcassets; sourceTree = "<group>"; };
		CDDAAE182BA7454100831FC7 /* Base */ = {isa = PBXFileReference; lastKnownFileType = file.storyboard; name = Base; path = Base.lproj/Main.storyboard; sourceTree = "<group>"; };
		CDDAAE1A2BA7454100831FC7 /* tessera.entitlements */ = {isa = PBXFileReference; lastKnownFileType = text.plist.entitlements; path = tessera.entitlements; sourceTree = "<group>"; };
		CDDAAE1F2BA7454100831FC7 /* tesseraTests.xctest */ = {isa = PBXFileReference; explicitFileType = wrapper.cfbundle; includeInIndex = 0; path = tesseraTests.xctest; sourceTree = BUILT_PRODUCTS_DIR; };
		CDDAAE232BA7454100831FC7 /* tesseraTests.swift */ = {isa = PBXFileReference; lastKnownFileType = sourcecode.swift; path = tesseraTests.swift; sourceTree = "<group>"; };
		CDDAAE292BA7454100831FC7 /* tesseraUITests.xctest */ = {isa = PBXFileReference; explicitFileType = wrapper.cfbundle; includeInIndex = 0; path = tesseraUITests.xctest; sourceTree = BUILT_PRODUCTS_DIR; };
		CDDAAE2D2BA7454100831FC7 /* tesseraUITests.swift */ = {isa = PBXFileReference; lastKnownFileType = sourcecode.swift; path = tesseraUITests.swift; sourceTree = "<group>"; };
		CDDAAE2F2BA7454100831FC7 /* tesseraUITestsLaunchTests.swift */ = {isa = PBXFileReference; lastKnownFileType = sourcecode.swift; path = tesseraUITestsLaunchTests.swift; sourceTree = "<group>"; };
/* End PBXFileReference section */

/* Begin PBXFrameworksBuildPhase section */
		CDDAAE052BA7454000831FC7 /* Frameworks */ = {
			isa = PBXFrameworksBuildPhase;
			buildActionMask = 2147483647;
			files = (
			);
			runOnlyForDeploymentPostprocessing = 0;
		};
		CDDAAE1C2BA7454100831FC7 /* Frameworks */ = {
			isa = PBXFrameworksBuildPhase;
			buildActionMask = 2147483647;
			files = (
			);
			runOnlyForDeploymentPostprocessing = 0;
		};
		CDDAAE262BA7454100831FC7 /* Frameworks */ = {
			isa = PBXFrameworksBuildPhase;
			buildActionMask = 2147483647;
			files = (
			);
			runOnlyForDeploymentPostprocessing = 0;
		};
/* End PBXFrameworksBuildPhase section */

/* Begin PBXGroup section */
		CD7E6F282BA97665000BAE01 /* game */ = {
			isa = PBXGroup;
			children = (
				CD04D4362BE03B96004E0FF2 /* Board.swift */,
				CD04D4352BE03B96004E0FF2 /* Piece.swift */,
				CD04D4342BE03B96004E0FF2 /* RuleEnforcer.swift */,
				CD04D4372BE03B96004E0FF2 /* State.swift */,
				CD7E6F262BA974C9000BAE01 /* Square.swift */,
				CD7E6F292BA9769A000BAE01 /* Constants.swift */,
			);
			path = game;
			sourceTree = "<group>";
		};
		CDDAADFF2BA7454000831FC7 = {
			isa = PBXGroup;
			children = (
				CDDAAE0A2BA7454000831FC7 /* tessera */,
				CDDAAE222BA7454100831FC7 /* tesseraTests */,
				CDDAAE2C2BA7454100831FC7 /* tesseraUITests */,
				CDDAAE092BA7454000831FC7 /* Products */,
			);
			sourceTree = "<group>";
		};
		CDDAAE092BA7454000831FC7 /* Products */ = {
			isa = PBXGroup;
			children = (
				CDDAAE082BA7454000831FC7 /* tessera.app */,
				CDDAAE1F2BA7454100831FC7 /* tesseraTests.xctest */,
				CDDAAE292BA7454100831FC7 /* tesseraUITests.xctest */,
			);
			name = Products;
			sourceTree = "<group>";
		};
		CDDAAE0A2BA7454000831FC7 /* tessera */ = {
			isa = PBXGroup;
			children = (
				CD7E6F282BA97665000BAE01 /* game */,
				CDDAAE0B2BA7454000831FC7 /* AppDelegate.swift */,
				CDDAAE0D2BA7454000831FC7 /* GameScene.sks */,
				CDDAAE0F2BA7454000831FC7 /* Actions.sks */,
				CDDAAE112BA7454000831FC7 /* GameScene.swift */,
				CDDAAE132BA7454000831FC7 /* ViewController.swift */,
				CDDAAE152BA7454100831FC7 /* Assets.xcassets */,
				CDDAAE172BA7454100831FC7 /* Main.storyboard */,
				CDDAAE1A2BA7454100831FC7 /* tessera.entitlements */,
			);
			path = tessera;
			sourceTree = "<group>";
		};
		CDDAAE222BA7454100831FC7 /* tesseraTests */ = {
			isa = PBXGroup;
			children = (
				CDDAAE232BA7454100831FC7 /* tesseraTests.swift */,
			);
			path = tesseraTests;
			sourceTree = "<group>";
		};
		CDDAAE2C2BA7454100831FC7 /* tesseraUITests */ = {
			isa = PBXGroup;
			children = (
				CDDAAE2D2BA7454100831FC7 /* tesseraUITests.swift */,
				CDDAAE2F2BA7454100831FC7 /* tesseraUITestsLaunchTests.swift */,
			);
			path = tesseraUITests;
			sourceTree = "<group>";
		};
/* End PBXGroup section */

/* Begin PBXNativeTarget section */
		CDDAAE072BA7454000831FC7 /* tessera */ = {
			isa = PBXNativeTarget;
			buildConfigurationList = CDDAAE332BA7454100831FC7 /* Build configuration list for PBXNativeTarget "tessera" */;
			buildPhases = (
				CDDAAE042BA7454000831FC7 /* Sources */,
				CDDAAE052BA7454000831FC7 /* Frameworks */,
				CDDAAE062BA7454000831FC7 /* Resources */,
			);
			buildRules = (
			);
			dependencies = (
			);
			name = tessera;
			productName = tessera;
			productReference = CDDAAE082BA7454000831FC7 /* tessera.app */;
			productType = "com.apple.product-type.application";
		};
		CDDAAE1E2BA7454100831FC7 /* tesseraTests */ = {
			isa = PBXNativeTarget;
			buildConfigurationList = CDDAAE362BA7454100831FC7 /* Build configuration list for PBXNativeTarget "tesseraTests" */;
			buildPhases = (
				CDDAAE1B2BA7454100831FC7 /* Sources */,
				CDDAAE1C2BA7454100831FC7 /* Frameworks */,
				CDDAAE1D2BA7454100831FC7 /* Resources */,
			);
			buildRules = (
			);
			dependencies = (
				CDDAAE212BA7454100831FC7 /* PBXTargetDependency */,
			);
			name = tesseraTests;
			productName = tesseraTests;
			productReference = CDDAAE1F2BA7454100831FC7 /* tesseraTests.xctest */;
			productType = "com.apple.product-type.bundle.unit-test";
		};
		CDDAAE282BA7454100831FC7 /* tesseraUITests */ = {
			isa = PBXNativeTarget;
			buildConfigurationList = CDDAAE392BA7454100831FC7 /* Build configuration list for PBXNativeTarget "tesseraUITests" */;
			buildPhases = (
				CDDAAE252BA7454100831FC7 /* Sources */,
				CDDAAE262BA7454100831FC7 /* Frameworks */,
				CDDAAE272BA7454100831FC7 /* Resources */,
			);
			buildRules = (
			);
			dependencies = (
				CDDAAE2B2BA7454100831FC7 /* PBXTargetDependency */,
			);
			name = tesseraUITests;
			productName = tesseraUITests;
			productReference = CDDAAE292BA7454100831FC7 /* tesseraUITests.xctest */;
			productType = "com.apple.product-type.bundle.ui-testing";
		};
/* End PBXNativeTarget section */

/* Begin PBXProject section */
		CDDAAE002BA7454000831FC7 /* Project object */ = {
			isa = PBXProject;
			attributes = {
				BuildIndependentTargetsInParallel = 1;
				LastSwiftUpdateCheck = 1530;
				LastUpgradeCheck = 1530;
				TargetAttributes = {
					CDDAAE072BA7454000831FC7 = {
						CreatedOnToolsVersion = 15.3;
					};
					CDDAAE1E2BA7454100831FC7 = {
						CreatedOnToolsVersion = 15.3;
						TestTargetID = CDDAAE072BA7454000831FC7;
					};
					CDDAAE282BA7454100831FC7 = {
						CreatedOnToolsVersion = 15.3;
						TestTargetID = CDDAAE072BA7454000831FC7;
					};
				};
			};
			buildConfigurationList = CDDAAE032BA7454000831FC7 /* Build configuration list for PBXProject "tessera" */;
			compatibilityVersion = "Xcode 14.0";
			developmentRegion = en;
			hasScannedForEncodings = 0;
			knownRegions = (
				en,
				Base,
			);
			mainGroup = CDDAADFF2BA7454000831FC7;
			productRefGroup = CDDAAE092BA7454000831FC7 /* Products */;
			projectDirPath = "";
			projectRoot = "";
			targets = (
				CDDAAE072BA7454000831FC7 /* tessera */,
				CDDAAE1E2BA7454100831FC7 /* tesseraTests */,
				CDDAAE282BA7454100831FC7 /* tesseraUITests */,
			);
		};
/* End PBXProject section */

/* Begin PBXResourcesBuildPhase section */
		CDDAAE062BA7454000831FC7 /* Resources */ = {
			isa = PBXResourcesBuildPhase;
			buildActionMask = 2147483647;
			files = (
				CDDAAE0E2BA7454000831FC7 /* GameScene.sks in Resources */,
				CDDAAE162BA7454100831FC7 /* Assets.xcassets in Resources */,
				CDDAAE102BA7454000831FC7 /* Actions.sks in Resources */,
				CDDAAE192BA7454100831FC7 /* Base in Resources */,
			);
			runOnlyForDeploymentPostprocessing = 0;
		};
		CDDAAE1D2BA7454100831FC7 /* Resources */ = {
			isa = PBXResourcesBuildPhase;
			buildActionMask = 2147483647;
			files = (
			);
			runOnlyForDeploymentPostprocessing = 0;
		};
		CDDAAE272BA7454100831FC7 /* Resources */ = {
			isa = PBXResourcesBuildPhase;
			buildActionMask = 2147483647;
			files = (
			);
			runOnlyForDeploymentPostprocessing = 0;
		};
/* End PBXResourcesBuildPhase section */

/* Begin PBXSourcesBuildPhase section */
		CDDAAE042BA7454000831FC7 /* Sources */ = {
			isa = PBXSourcesBuildPhase;
			buildActionMask = 2147483647;
			files = (
				CD7E6F2A2BA9769A000BAE01 /* Constants.swift in Sources */,
				CD04D4392BE03B96004E0FF2 /* Piece.swift in Sources */,
				CD04D4382BE03B96004E0FF2 /* RuleEnforcer.swift in Sources */,
				CD7E6F272BA974C9000BAE01 /* Square.swift in Sources */,
				CDDAAE142BA7454000831FC7 /* ViewController.swift in Sources */,
				CD04D43B2BE03B96004E0FF2 /* State.swift in Sources */,
				CDDAAE122BA7454000831FC7 /* GameScene.swift in Sources */,
				CD04D43A2BE03B96004E0FF2 /* Board.swift in Sources */,
				CDDAAE0C2BA7454000831FC7 /* AppDelegate.swift in Sources */,
			);
			runOnlyForDeploymentPostprocessing = 0;
		};
		CDDAAE1B2BA7454100831FC7 /* Sources */ = {
			isa = PBXSourcesBuildPhase;
			buildActionMask = 2147483647;
			files = (
				CDDAAE242BA7454100831FC7 /* tesseraTests.swift in Sources */,
			);
			runOnlyForDeploymentPostprocessing = 0;
		};
		CDDAAE252BA7454100831FC7 /* Sources */ = {
			isa = PBXSourcesBuildPhase;
			buildActionMask = 2147483647;
			files = (
				CDDAAE302BA7454100831FC7 /* tesseraUITestsLaunchTests.swift in Sources */,
				CDDAAE2E2BA7454100831FC7 /* tesseraUITests.swift in Sources */,
			);
			runOnlyForDeploymentPostprocessing = 0;
		};
/* End PBXSourcesBuildPhase section */

/* Begin PBXTargetDependency section */
		CDDAAE212BA7454100831FC7 /* PBXTargetDependency */ = {
			isa = PBXTargetDependency;
			target = CDDAAE072BA7454000831FC7 /* tessera */;
			targetProxy = CDDAAE202BA7454100831FC7 /* PBXContainerItemProxy */;
		};
		CDDAAE2B2BA7454100831FC7 /* PBXTargetDependency */ = {
			isa = PBXTargetDependency;
			target = CDDAAE072BA7454000831FC7 /* tessera */;
			targetProxy = CDDAAE2A2BA7454100831FC7 /* PBXContainerItemProxy */;
		};
/* End PBXTargetDependency section */

/* Begin PBXVariantGroup section */
		CDDAAE172BA7454100831FC7 /* Main.storyboard */ = {
			isa = PBXVariantGroup;
			children = (
				CDDAAE182BA7454100831FC7 /* Base */,
			);
			name = Main.storyboard;
			sourceTree = "<group>";
		};
/* End PBXVariantGroup section */

/* Begin XCBuildConfiguration section */
		CDDAAE312BA7454100831FC7 /* Debug */ = {
			isa = XCBuildConfiguration;
			buildSettings = {
				ALWAYS_SEARCH_USER_PATHS = NO;
				ASSETCATALOG_COMPILER_GENERATE_SWIFT_ASSET_SYMBOL_EXTENSIONS = YES;
				CLANG_ANALYZER_NONNULL = YES;
				CLANG_ANALYZER_NUMBER_OBJECT_CONVERSION = YES_AGGRESSIVE;
				CLANG_CXX_LANGUAGE_STANDARD = "gnu++20";
				CLANG_ENABLE_MODULES = YES;
				CLANG_ENABLE_OBJC_ARC = YES;
				CLANG_ENABLE_OBJC_WEAK = YES;
				CLANG_WARN_BLOCK_CAPTURE_AUTORELEASING = YES;
				CLANG_WARN_BOOL_CONVERSION = YES;
				CLANG_WARN_COMMA = YES;
				CLANG_WARN_CONSTANT_CONVERSION = YES;
				CLANG_WARN_DEPRECATED_OBJC_IMPLEMENTATIONS = YES;
				CLANG_WARN_DIRECT_OBJC_ISA_USAGE = YES_ERROR;
				CLANG_WARN_DOCUMENTATION_COMMENTS = YES;
				CLANG_WARN_EMPTY_BODY = YES;
				CLANG_WARN_ENUM_CONVERSION = YES;
				CLANG_WARN_INFINITE_RECURSION = YES;
				CLANG_WARN_INT_CONVERSION = YES;
				CLANG_WARN_NON_LITERAL_NULL_CONVERSION = YES;
				CLANG_WARN_OBJC_IMPLICIT_RETAIN_SELF = YES;
				CLANG_WARN_OBJC_LITERAL_CONVERSION = YES;
				CLANG_WARN_OBJC_ROOT_CLASS = YES_ERROR;
				CLANG_WARN_QUOTED_INCLUDE_IN_FRAMEWORK_HEADER = YES;
				CLANG_WARN_RANGE_LOOP_ANALYSIS = YES;
				CLANG_WARN_STRICT_PROTOTYPES = YES;
				CLANG_WARN_SUSPICIOUS_MOVE = YES;
				CLANG_WARN_UNGUARDED_AVAILABILITY = YES_AGGRESSIVE;
				CLANG_WARN_UNREACHABLE_CODE = YES;
				CLANG_WARN__DUPLICATE_METHOD_MATCH = YES;
				COPY_PHASE_STRIP = NO;
				DEBUG_INFORMATION_FORMAT = dwarf;
				ENABLE_STRICT_OBJC_MSGSEND = YES;
				ENABLE_TESTABILITY = YES;
				ENABLE_USER_SCRIPT_SANDBOXING = YES;
				GCC_C_LANGUAGE_STANDARD = gnu17;
				GCC_DYNAMIC_NO_PIC = NO;
				GCC_NO_COMMON_BLOCKS = YES;
				GCC_OPTIMIZATION_LEVEL = 0;
				GCC_PREPROCESSOR_DEFINITIONS = (
					"DEBUG=1",
					"$(inherited)",
				);
				GCC_WARN_64_TO_32_BIT_CONVERSION = YES;
				GCC_WARN_ABOUT_RETURN_TYPE = YES_ERROR;
				GCC_WARN_UNDECLARED_SELECTOR = YES;
				GCC_WARN_UNINITIALIZED_AUTOS = YES_AGGRESSIVE;
				GCC_WARN_UNUSED_FUNCTION = YES;
				GCC_WARN_UNUSED_VARIABLE = YES;
				LOCALIZATION_PREFERS_STRING_CATALOGS = YES;
				MACOSX_DEPLOYMENT_TARGET = 14.1;
				MTL_ENABLE_DEBUG_INFO = INCLUDE_SOURCE;
				MTL_FAST_MATH = YES;
				ONLY_ACTIVE_ARCH = YES;
				SDKROOT = macosx;
				SWIFT_ACTIVE_COMPILATION_CONDITIONS = "DEBUG $(inherited)";
				SWIFT_OPTIMIZATION_LEVEL = "-Onone";
			};
			name = Debug;
		};
		CDDAAE322BA7454100831FC7 /* Release */ = {
			isa = XCBuildConfiguration;
			buildSettings = {
				ALWAYS_SEARCH_USER_PATHS = NO;
				ASSETCATALOG_COMPILER_GENERATE_SWIFT_ASSET_SYMBOL_EXTENSIONS = YES;
				CLANG_ANALYZER_NONNULL = YES;
				CLANG_ANALYZER_NUMBER_OBJECT_CONVERSION = YES_AGGRESSIVE;
				CLANG_CXX_LANGUAGE_STANDARD = "gnu++20";
				CLANG_ENABLE_MODULES = YES;
				CLANG_ENABLE_OBJC_ARC = YES;
				CLANG_ENABLE_OBJC_WEAK = YES;
				CLANG_WARN_BLOCK_CAPTURE_AUTORELEASING = YES;
				CLANG_WARN_BOOL_CONVERSION = YES;
				CLANG_WARN_COMMA = YES;
				CLANG_WARN_CONSTANT_CONVERSION = YES;
				CLANG_WARN_DEPRECATED_OBJC_IMPLEMENTATIONS = YES;
				CLANG_WARN_DIRECT_OBJC_ISA_USAGE = YES_ERROR;
				CLANG_WARN_DOCUMENTATION_COMMENTS = YES;
				CLANG_WARN_EMPTY_BODY = YES;
				CLANG_WARN_ENUM_CONVERSION = YES;
				CLANG_WARN_INFINITE_RECURSION = YES;
				CLANG_WARN_INT_CONVERSION = YES;
				CLANG_WARN_NON_LITERAL_NULL_CONVERSION = YES;
				CLANG_WARN_OBJC_IMPLICIT_RETAIN_SELF = YES;
				CLANG_WARN_OBJC_LITERAL_CONVERSION = YES;
				CLANG_WARN_OBJC_ROOT_CLASS = YES_ERROR;
				CLANG_WARN_QUOTED_INCLUDE_IN_FRAMEWORK_HEADER = YES;
				CLANG_WARN_RANGE_LOOP_ANALYSIS = YES;
				CLANG_WARN_STRICT_PROTOTYPES = YES;
				CLANG_WARN_SUSPICIOUS_MOVE = YES;
				CLANG_WARN_UNGUARDED_AVAILABILITY = YES_AGGRESSIVE;
				CLANG_WARN_UNREACHABLE_CODE = YES;
				CLANG_WARN__DUPLICATE_METHOD_MATCH = YES;
				COPY_PHASE_STRIP = NO;
				DEBUG_INFORMATION_FORMAT = "dwarf-with-dsym";
				ENABLE_NS_ASSERTIONS = NO;
				ENABLE_STRICT_OBJC_MSGSEND = YES;
				ENABLE_USER_SCRIPT_SANDBOXING = YES;
				GCC_C_LANGUAGE_STANDARD = gnu17;
				GCC_NO_COMMON_BLOCKS = YES;
				GCC_WARN_64_TO_32_BIT_CONVERSION = YES;
				GCC_WARN_ABOUT_RETURN_TYPE = YES_ERROR;
				GCC_WARN_UNDECLARED_SELECTOR = YES;
				GCC_WARN_UNINITIALIZED_AUTOS = YES_AGGRESSIVE;
				GCC_WARN_UNUSED_FUNCTION = YES;
				GCC_WARN_UNUSED_VARIABLE = YES;
				LOCALIZATION_PREFERS_STRING_CATALOGS = YES;
				MACOSX_DEPLOYMENT_TARGET = 14.1;
				MTL_ENABLE_DEBUG_INFO = NO;
				MTL_FAST_MATH = YES;
				SDKROOT = macosx;
				SWIFT_COMPILATION_MODE = wholemodule;
			};
			name = Release;
		};
		CDDAAE342BA7454100831FC7 /* Debug */ = {
			isa = XCBuildConfiguration;
			buildSettings = {
				ASSETCATALOG_COMPILER_APPICON_NAME = AppIcon;
				ASSETCATALOG_COMPILER_GLOBAL_ACCENT_COLOR_NAME = AccentColor;
				CODE_SIGN_ENTITLEMENTS = tessera/tessera.entitlements;
				CODE_SIGN_STYLE = Automatic;
				COMBINE_HIDPI_IMAGES = YES;
				CURRENT_PROJECT_VERSION = 1;
				DEVELOPMENT_TEAM = JMS2UDDTQF;
				ENABLE_HARDENED_RUNTIME = YES;
				GENERATE_INFOPLIST_FILE = YES;
				INFOPLIST_KEY_NSHumanReadableCopyright = "";
				INFOPLIST_KEY_NSMainStoryboardFile = Main;
				INFOPLIST_KEY_NSPrincipalClass = NSApplication;
				LD_RUNPATH_SEARCH_PATHS = (
					"$(inherited)",
					"@executable_path/../Frameworks",
				);
				MARKETING_VERSION = 1.0;
				PRODUCT_BUNDLE_IDENTIFIER = stefan.tessera;
				PRODUCT_NAME = "$(TARGET_NAME)";
				SWIFT_EMIT_LOC_STRINGS = YES;
				SWIFT_VERSION = 5.0;
			};
			name = Debug;
		};
		CDDAAE352BA7454100831FC7 /* Release */ = {
			isa = XCBuildConfiguration;
			buildSettings = {
				ASSETCATALOG_COMPILER_APPICON_NAME = AppIcon;
				ASSETCATALOG_COMPILER_GLOBAL_ACCENT_COLOR_NAME = AccentColor;
				CODE_SIGN_ENTITLEMENTS = tessera/tessera.entitlements;
				CODE_SIGN_STYLE = Automatic;
				COMBINE_HIDPI_IMAGES = YES;
				CURRENT_PROJECT_VERSION = 1;
				DEVELOPMENT_TEAM = JMS2UDDTQF;
				ENABLE_HARDENED_RUNTIME = YES;
				GENERATE_INFOPLIST_FILE = YES;
				INFOPLIST_KEY_NSHumanReadableCopyright = "";
				INFOPLIST_KEY_NSMainStoryboardFile = Main;
				INFOPLIST_KEY_NSPrincipalClass = NSApplication;
				LD_RUNPATH_SEARCH_PATHS = (
					"$(inherited)",
					"@executable_path/../Frameworks",
				);
				MARKETING_VERSION = 1.0;
				PRODUCT_BUNDLE_IDENTIFIER = stefan.tessera;
				PRODUCT_NAME = "$(TARGET_NAME)";
				SWIFT_EMIT_LOC_STRINGS = YES;
				SWIFT_VERSION = 5.0;
			};
			name = Release;
		};
		CDDAAE372BA7454100831FC7 /* Debug */ = {
			isa = XCBuildConfiguration;
			buildSettings = {
				ALWAYS_EMBED_SWIFT_STANDARD_LIBRARIES = YES;
				BUNDLE_LOADER = "$(TEST_HOST)";
				CODE_SIGN_STYLE = Automatic;
				CURRENT_PROJECT_VERSION = 1;
				DEVELOPMENT_TEAM = JMS2UDDTQF;
				GENERATE_INFOPLIST_FILE = YES;
				MACOSX_DEPLOYMENT_TARGET = 14.1;
				MARKETING_VERSION = 1.0;
				PRODUCT_BUNDLE_IDENTIFIER = stefan.tesseraTests;
				PRODUCT_NAME = "$(TARGET_NAME)";
				SWIFT_EMIT_LOC_STRINGS = NO;
				SWIFT_VERSION = 5.0;
				TEST_HOST = "$(BUILT_PRODUCTS_DIR)/tessera.app/$(BUNDLE_EXECUTABLE_FOLDER_PATH)/tessera";
			};
			name = Debug;
		};
		CDDAAE382BA7454100831FC7 /* Release */ = {
			isa = XCBuildConfiguration;
			buildSettings = {
				ALWAYS_EMBED_SWIFT_STANDARD_LIBRARIES = YES;
				BUNDLE_LOADER = "$(TEST_HOST)";
				CODE_SIGN_STYLE = Automatic;
				CURRENT_PROJECT_VERSION = 1;
				DEVELOPMENT_TEAM = JMS2UDDTQF;
				GENERATE_INFOPLIST_FILE = YES;
				MACOSX_DEPLOYMENT_TARGET = 14.1;
				MARKETING_VERSION = 1.0;
				PRODUCT_BUNDLE_IDENTIFIER = stefan.tesseraTests;
				PRODUCT_NAME = "$(TARGET_NAME)";
				SWIFT_EMIT_LOC_STRINGS = NO;
				SWIFT_VERSION = 5.0;
				TEST_HOST = "$(BUILT_PRODUCTS_DIR)/tessera.app/$(BUNDLE_EXECUTABLE_FOLDER_PATH)/tessera";
			};
			name = Release;
		};
		CDDAAE3A2BA7454100831FC7 /* Debug */ = {
			isa = XCBuildConfiguration;
			buildSettings = {
				ALWAYS_EMBED_SWIFT_STANDARD_LIBRARIES = YES;
				CODE_SIGN_STYLE = Automatic;
				CURRENT_PROJECT_VERSION = 1;
				DEVELOPMENT_TEAM = JMS2UDDTQF;
				GENERATE_INFOPLIST_FILE = YES;
				MARKETING_VERSION = 1.0;
				PRODUCT_BUNDLE_IDENTIFIER = stefan.tesseraUITests;
				PRODUCT_NAME = "$(TARGET_NAME)";
				SWIFT_EMIT_LOC_STRINGS = NO;
				SWIFT_VERSION = 5.0;
				TEST_TARGET_NAME = tessera;
			};
			name = Debug;
		};
		CDDAAE3B2BA7454100831FC7 /* Release */ = {
			isa = XCBuildConfiguration;
			buildSettings = {
				ALWAYS_EMBED_SWIFT_STANDARD_LIBRARIES = YES;
				CODE_SIGN_STYLE = Automatic;
				CURRENT_PROJECT_VERSION = 1;
				DEVELOPMENT_TEAM = JMS2UDDTQF;
				GENERATE_INFOPLIST_FILE = YES;
				MARKETING_VERSION = 1.0;
				PRODUCT_BUNDLE_IDENTIFIER = stefan.tesseraUITests;
				PRODUCT_NAME = "$(TARGET_NAME)";
				SWIFT_EMIT_LOC_STRINGS = NO;
				SWIFT_VERSION = 5.0;
				TEST_TARGET_NAME = tessera;
			};
			name = Release;
		};
/* End XCBuildConfiguration section */

/* Begin XCConfigurationList section */
		CDDAAE032BA7454000831FC7 /* Build configuration list for PBXProject "tessera" */ = {
			isa = XCConfigurationList;
			buildConfigurations = (
				CDDAAE312BA7454100831FC7 /* Debug */,
				CDDAAE322BA7454100831FC7 /* Release */,
			);
			defaultConfigurationIsVisible = 0;
			defaultConfigurationName = Release;
		};
		CDDAAE332BA7454100831FC7 /* Build configuration list for PBXNativeTarget "tessera" */ = {
			isa = XCConfigurationList;
			buildConfigurations = (
				CDDAAE342BA7454100831FC7 /* Debug */,
				CDDAAE352BA7454100831FC7 /* Release */,
			);
			defaultConfigurationIsVisible = 0;
			defaultConfigurationName = Release;
		};
		CDDAAE362BA7454100831FC7 /* Build configuration list for PBXNativeTarget "tesseraTests" */ = {
			isa = XCConfigurationList;
			buildConfigurations = (
				CDDAAE372BA7454100831FC7 /* Debug */,
				CDDAAE382BA7454100831FC7 /* Release */,
			);
			defaultConfigurationIsVisible = 0;
			defaultConfigurationName = Release;
		};
		CDDAAE392BA7454100831FC7 /* Build configuration list for PBXNativeTarget "tesseraUITests" */ = {
			isa = XCConfigurationList;
			buildConfigurations = (
				CDDAAE3A2BA7454100831FC7 /* Debug */,
				CDDAAE3B2BA7454100831FC7 /* Release */,
			);
			defaultConfigurationIsVisible = 0;
			defaultConfigurationName = Release;
		};
/* End XCConfigurationList section */
	};
	rootObject = CDDAAE002BA7454000831FC7 /* Project object */;
}
